// !$*UTF8*$!
{
	archiveVersion = 1;
	classes = {
	};
	objectVersion = 77;
	objects = {

/* Begin PBXBuildFile section */
		12D5C50D2622A5256F6F622E /* (null) in Sources */ = {isa = PBXBuildFile; };
		1CFEC7F3605656F740904989 /* (null) in Sources */ = {isa = PBXBuildFile; };
		4AF3D342E60335C5AC727B8C /* (null) in Sources */ = {isa = PBXBuildFile; };
		4D171F1B531F81D0AA1FD3DD /* (null) in Sources */ = {isa = PBXBuildFile; };
		531518E7CC3E7721770BC469 /* (null) in Sources */ = {isa = PBXBuildFile; };
		5543185C13405DEBC3AF99D8 /* (null) in Sources */ = {isa = PBXBuildFile; };
		65577DC92BE77540DE350E34 /* (null) in Sources */ = {isa = PBXBuildFile; };
		6CACE97F76577FDA9EE5F3DC /* (null) in Sources */ = {isa = PBXBuildFile; };
		6F6FEC393468D3452561AE2E /* (null) in Sources */ = {isa = PBXBuildFile; };
		7ECAD293F77E1396445E4BA1 /* (null) in Sources */ = {isa = PBXBuildFile; };
		838B5541A4D986899C358F53 /* (null) in Sources */ = {isa = PBXBuildFile; };
		8E0A6FF8C11E7F9E36051358 /* (null) in Sources */ = {isa = PBXBuildFile; };
		93F98C54FFF7D8AC90F68594 /* (null) in Sources */ = {isa = PBXBuildFile; };
		96D0737DD51A0ADE83CC0A4C /* (null) in Sources */ = {isa = PBXBuildFile; };
		AE36D3D4517058BA989CE444 /* (null) in Sources */ = {isa = PBXBuildFile; };
		BB71C41CAAE83DAB18D31D12 /* (null) in Sources */ = {isa = PBXBuildFile; };
		D87B805017F43B12F63DC6F3 /* (null) in Sources */ = {isa = PBXBuildFile; };
		FD68E75E24EBF3FEC25851FE /* (null) in Sources */ = {isa = PBXBuildFile; };
/* End PBXBuildFile section */

/* Begin PBXContainerItemProxy section */
		003195F42FF5F39A00A7163E /* PBXContainerItemProxy */ = {
			isa = PBXContainerItemProxy;
			containerPortal = 003195DD2FF5F39900A7163E /* Project object */;
			proxyType = 1;
			remoteGlobalIDString = 003195F12FF5F39A00A7163E;
			remoteInfo = "Hapticle Watch App";
		};
/* End PBXContainerItemProxy section */

/* Begin PBXCopyFilesBuildPhase section */
		003196022FF5F39B00A7163E /* Embed Watch Content */ = {
			isa = PBXCopyFilesBuildPhase;
			buildActionMask = 2147483647;
			dstPath = "$(CONTENTS_FOLDER_PATH)/Watch";
			dstSubfolderSpec = 16;
			files = (
			);
			name = "Embed Watch Content";
			runOnlyForDeploymentPostprocessing = 0;
		};
/* End PBXCopyFilesBuildPhase section */

/* Begin PBXFileReference section */
		003195E52FF5F39900A7163E /* Hapticle.app */ = {isa = PBXFileReference; explicitFileType = wrapper.application; includeInIndex = 0; path = Hapticle.app; sourceTree = BUILT_PRODUCTS_DIR; };
		003195F22FF5F39A00A7163E /* Hapticle Watch App.app */ = {isa = PBXFileReference; explicitFileType = wrapper.application; includeInIndex = 0; path = "Hapticle Watch App.app"; sourceTree = BUILT_PRODUCTS_DIR; };
		FA94B9FA2FFBE56E00A5B768 /* Color+Theme.swift */ = {isa = PBXFileReference; lastKnownFileType = sourcecode.swift; path = "Color+Theme.swift"; sourceTree = "<group>"; };
		FA94B9FC2FFBE56E00A5B768 /* BlobModel.swift */ = {isa = PBXFileReference; lastKnownFileType = sourcecode.swift; path = BlobModel.swift; sourceTree = "<group>"; };
		FA94B9FD2FFBE56E00A5B768 /* BlobView.swift */ = {isa = PBXFileReference; lastKnownFileType = sourcecode.swift; path = BlobView.swift; sourceTree = "<group>"; };
		FA94B9FF2FFBE56E00A5B768 /* Dial.md */ = {isa = PBXFileReference; lastKnownFileType = net.daringfireball.markdown; path = Dial.md; sourceTree = "<group>"; };
		FA94BA002FFBE56E00A5B768 /* DialModel.swift */ = {isa = PBXFileReference; lastKnownFileType = sourcecode.swift; path = DialModel.swift; sourceTree = "<group>"; };
		FA94BA012FFBE56E00A5B768 /* DialView.swift */ = {isa = PBXFileReference; lastKnownFileType = sourcecode.swift; path = DialView.swift; sourceTree = "<group>"; };
		FA94BA032FFBE56E00A5B768 /*  MagnetView.swift */ = {isa = PBXFileReference; lastKnownFileType = sourcecode.swift; path = " MagnetView.swift"; sourceTree = "<group>"; };
		FA94BA042FFBE56E00A5B768 /* MagnetModel.swift */ = {isa = PBXFileReference; lastKnownFileType = sourcecode.swift; path = MagnetModel.swift; sourceTree = "<group>"; };
		FA94BA062FFBE56E00A5B768 /* PenModel.swift */ = {isa = PBXFileReference; lastKnownFileType = sourcecode.swift; path = PenModel.swift; sourceTree = "<group>"; };
		FA94BA072FFBE56E00A5B768 /* PenView.swift */ = {isa = PBXFileReference; lastKnownFileType = sourcecode.swift; path = PenView.swift; sourceTree = "<group>"; };
		FA94BA092FFBE56E00A5B768 /* TicketModel.swift */ = {isa = PBXFileReference; lastKnownFileType = sourcecode.swift; path = TicketModel.swift; sourceTree = "<group>"; };
		FA94BA0A2FFBE56E00A5B768 /* TicketView.swift */ = {isa = PBXFileReference; lastKnownFileType = sourcecode.swift; path = TicketView.swift; sourceTree = "<group>"; };
		FA94BA0D2FFBE56E00A5B768 /* HapticsManager.swift */ = {isa = PBXFileReference; lastKnownFileType = sourcecode.swift; path = HapticsManager.swift; sourceTree = "<group>"; };
		FA94BA0E2FFBE56E00A5B768 /* SoundManager.swift */ = {isa = PBXFileReference; lastKnownFileType = sourcecode.swift; path = SoundManager.swift; sourceTree = "<group>"; };
		FA94BA102FFBE56E00A5B768 /* Assets.xcassets */ = {isa = PBXFileReference; lastKnownFileType = folder.assetcatalog; path = Assets.xcassets; sourceTree = "<group>"; };
		FA94BA112FFBE56E00A5B768 /* ContentView.swift */ = {isa = PBXFileReference; lastKnownFileType = sourcecode.swift; path = ContentView.swift; sourceTree = "<group>"; };
		FA94BA122FFBE56E00A5B768 /* HapticleApp.swift */ = {isa = PBXFileReference; lastKnownFileType = sourcecode.swift; path = HapticleApp.swift; sourceTree = "<group>"; };
/* End PBXFileReference section */

/* Begin PBXFileSystemSynchronizedRootGroup section */
		003195E72FF5F39900A7163E /* Hapticle */ = {
			isa = PBXFileSystemSynchronizedRootGroup;
			path = Hapticle;
			sourceTree = "<group>";
		};
		003195F62FF5F39A00A7163E /* Hapticle Watch App */ = {
			isa = PBXFileSystemSynchronizedRootGroup;
			path = "Hapticle Watch App";
			sourceTree = "<group>";
		};
/* End PBXFileSystemSynchronizedRootGroup section */

/* Begin PBXFrameworksBuildPhase section */
		003195E22FF5F39900A7163E /* Frameworks */ = {
			isa = PBXFrameworksBuildPhase;
			buildActionMask = 2147483647;
			files = (
			);
			runOnlyForDeploymentPostprocessing = 0;
		};
		003195EF2FF5F39A00A7163E /* Frameworks */ = {
			isa = PBXFrameworksBuildPhase;
			buildActionMask = 2147483647;
			files = (
			);
			runOnlyForDeploymentPostprocessing = 0;
		};
/* End PBXFrameworksBuildPhase section */

/* Begin PBXGroup section */
		003195DC2FF5F39900A7163E = {
			isa = PBXGroup;
			children = (
				003195E72FF5F39900A7163E /* Hapticle */,
				003195F62FF5F39A00A7163E /* Hapticle Watch App */,
				FA94B9F92FFBE56E00A5B768 /* Frameworks */,
				003195E62FF5F39900A7163E /* Products */,
			);
			sourceTree = "<group>";
		};
		003195E62FF5F39900A7163E /* Products */ = {
			isa = PBXGroup;
			children = (
				003195E52FF5F39900A7163E /* Hapticle.app */,
				003195F22FF5F39A00A7163E /* Hapticle Watch App.app */,
			);
			name = Products;
			sourceTree = "<group>";
		};
		FA94B9F92FFBE56E00A5B768 /* Frameworks */ = {
			isa = PBXGroup;
			children = (
				FA94BA132FFBE56E00A5B768 /* Hapticle */,
			);
			name = Frameworks;
			sourceTree = "<group>";
		};
		FA94B9FB2FFBE56E00A5B768 /* Extensions */ = {
			isa = PBXGroup;
			children = (
				FA94B9FA2FFBE56E00A5B768 /* Color+Theme.swift */,
			);
			path = Extensions;
			sourceTree = "<group>";
		};
		FA94B9FE2FFBE56E00A5B768 /* Blob */ = {
			isa = PBXGroup;
			children = (
				FA94B9FC2FFBE56E00A5B768 /* BlobModel.swift */,
				FA94B9FD2FFBE56E00A5B768 /* BlobView.swift */,
			);
			path = Blob;
			sourceTree = "<group>";
		};
		FA94BA022FFBE56E00A5B768 /* Dial */ = {
			isa = PBXGroup;
			children = (
				FA94B9FF2FFBE56E00A5B768 /* Dial.md */,
				FA94BA002FFBE56E00A5B768 /* DialModel.swift */,
				FA94BA012FFBE56E00A5B768 /* DialView.swift */,
			);
			path = Dial;
			sourceTree = "<group>";
		};
		FA94BA052FFBE56E00A5B768 /* Magnet */ = {
			isa = PBXGroup;
			children = (
				FA94BA032FFBE56E00A5B768 /*  MagnetView.swift */,
				FA94BA042FFBE56E00A5B768 /* MagnetModel.swift */,
			);
			path = Magnet;
			sourceTree = "<group>";
		};
		FA94BA082FFBE56E00A5B768 /* Pen */ = {
			isa = PBXGroup;
			children = (
				FA94BA062FFBE56E00A5B768 /* PenModel.swift */,
				FA94BA072FFBE56E00A5B768 /* PenView.swift */,
			);
			path = Pen;
			sourceTree = "<group>";
		};
		FA94BA0B2FFBE56E00A5B768 /* Ticket */ = {
			isa = PBXGroup;
			children = (
				FA94BA092FFBE56E00A5B768 /* TicketModel.swift */,
				FA94BA0A2FFBE56E00A5B768 /* TicketView.swift */,
			);
			path = Ticket;
			sourceTree = "<group>";
		};
		FA94BA0C2FFBE56E00A5B768 /* Fidgets */ = {
			isa = PBXGroup;
			children = (
				FA94B9FE2FFBE56E00A5B768 /* Blob */,
				FA94BA022FFBE56E00A5B768 /* Dial */,
				FA94BA052FFBE56E00A5B768 /* Magnet */,
				FA94BA082FFBE56E00A5B768 /* Pen */,
				FA94BA0B2FFBE56E00A5B768 /* Ticket */,
			);
			path = Fidgets;
			sourceTree = "<group>";
		};
		FA94BA0F2FFBE56E00A5B768 /* Managers */ = {
			isa = PBXGroup;
			children = (
				FA94BA0D2FFBE56E00A5B768 /* HapticsManager.swift */,
				FA94BA0E2FFBE56E00A5B768 /* SoundManager.swift */,
			);
			path = Managers;
			sourceTree = "<group>";
		};
		FA94BA132FFBE56E00A5B768 /* Hapticle */ = {
			isa = PBXGroup;
			children = (
				FA94B9FB2FFBE56E00A5B768 /* Extensions */,
				FA94BA0C2FFBE56E00A5B768 /* Fidgets */,
				FA94BA0F2FFBE56E00A5B768 /* Managers */,
				FA94BA102FFBE56E00A5B768 /* Assets.xcassets */,
				FA94BA112FFBE56E00A5B768 /* ContentView.swift */,
				FA94BA122FFBE56E00A5B768 /* HapticleApp.swift */,
			);
			path = Hapticle;
			sourceTree = "<group>";
		};
/* End PBXGroup section */

/* Begin PBXNativeTarget section */
		003195E42FF5F39900A7163E /* Hapticle */ = {
			isa = PBXNativeTarget;
			buildConfigurationList = 003196032FF5F39B00A7163E /* Build configuration list for PBXNativeTarget "Hapticle" */;
			buildPhases = (
				003195E12FF5F39900A7163E /* Sources */,
				003195E22FF5F39900A7163E /* Frameworks */,
				003195E32FF5F39900A7163E /* Resources */,
				003196022FF5F39B00A7163E /* Embed Watch Content */,
			);
			buildRules = (
			);
			dependencies = (
				003195F52FF5F39A00A7163E /* PBXTargetDependency */,
			);
			fileSystemSynchronizedGroups = (
				003195E72FF5F39900A7163E /* Hapticle */,
			);
			name = Hapticle;
			packageProductDependencies = (
			);
			productName = Hapticle;
			productReference = 003195E52FF5F39900A7163E /* Hapticle.app */;
			productType = "com.apple.product-type.application";
		};
		003195F12FF5F39A00A7163E /* Hapticle Watch App */ = {
			isa = PBXNativeTarget;
			buildConfigurationList = 003195FF2FF5F39B00A7163E /* Build configuration list for PBXNativeTarget "Hapticle Watch App" */;
			buildPhases = (
				003195EE2FF5F39A00A7163E /* Sources */,
				003195EF2FF5F39A00A7163E /* Frameworks */,
				003195F02FF5F39A00A7163E /* Resources */,
			);
			buildRules = (
			);
			dependencies = (
			);
			fileSystemSynchronizedGroups = (
				003195F62FF5F39A00A7163E /* Hapticle Watch App */,
			);
			name = "Hapticle Watch App";
			packageProductDependencies = (
			);
			productName = "Hapticle Watch App";
			productReference = 003195F22FF5F39A00A7163E /* Hapticle Watch App.app */;
			productType = "com.apple.product-type.application";
		};
/* End PBXNativeTarget section */

/* Begin PBXProject section */
		003195DD2FF5F39900A7163E /* Project object */ = {
			isa = PBXProject;
			attributes = {
				BuildIndependentTargetsInParallel = 1;
				LastSwiftUpdateCheck = 2660;
				LastUpgradeCheck = 2660;
				TargetAttributes = {
					003195E42FF5F39900A7163E = {
						CreatedOnToolsVersion = 26.6;
					};
					003195F12FF5F39A00A7163E = {
						CreatedOnToolsVersion = 26.6;
					};
				};
			};
			buildConfigurationList = 003195E02FF5F39900A7163E /* Build configuration list for PBXProject "Hapticle" */;
			developmentRegion = en;
			hasScannedForEncodings = 0;
			knownRegions = (
				en,
				Base,
			);
			mainGroup = 003195DC2FF5F39900A7163E;
			minimizedProjectReferenceProxies = 1;
			preferredProjectObjectVersion = 77;
			productRefGroup = 003195E62FF5F39900A7163E /* Products */;
			projectDirPath = "";
			projectRoot = "";
			targets = (
				003195E42FF5F39900A7163E /* Hapticle */,
				003195F12FF5F39A00A7163E /* Hapticle Watch App */,
			);
		};
/* End PBXProject section */

/* Begin PBXResourcesBuildPhase section */
		003195E32FF5F39900A7163E /* Resources */ = {
			isa = PBXResourcesBuildPhase;
			buildActionMask = 2147483647;
			files = (
			);
			runOnlyForDeploymentPostprocessing = 0;
		};
		003195F02FF5F39A00A7163E /* Resources */ = {
			isa = PBXResourcesBuildPhase;
			buildActionMask = 2147483647;
			files = (
			);
			runOnlyForDeploymentPostprocessing = 0;
		};
/* End PBXResourcesBuildPhase section */

/* Begin PBXSourcesBuildPhase section */
		003195E12FF5F39900A7163E /* Sources */ = {
			isa = PBXSourcesBuildPhase;
			buildActionMask = 2147483647;
			files = (
				4AF3D342E60335C5AC727B8C /* (null) in Sources */,
				FD68E75E24EBF3FEC25851FE /* (null) in Sources */,
				AE36D3D4517058BA989CE444 /* (null) in Sources */,
				838B5541A4D986899C358F53 /* (null) in Sources */,
				96D0737DD51A0ADE83CC0A4C /* (null) in Sources */,
				8E0A6FF8C11E7F9E36051358 /* (null) in Sources */,
				5543185C13405DEBC3AF99D8 /* (null) in Sources */,
				93F98C54FFF7D8AC90F68594 /* (null) in Sources */,
				65577DC92BE77540DE350E34 /* (null) in Sources */,
				531518E7CC3E7721770BC469 /* (null) in Sources */,
				BB71C41CAAE83DAB18D31D12 /* (null) in Sources */,
				D87B805017F43B12F63DC6F3 /* (null) in Sources */,
				6CACE97F76577FDA9EE5F3DC /* (null) in Sources */,
				4D171F1B531F81D0AA1FD3DD /* (null) in Sources */,
				6F6FEC393468D3452561AE2E /* (null) in Sources */,
				12D5C50D2622A5256F6F622E /* (null) in Sources */,
				7ECAD293F77E1396445E4BA1 /* (null) in Sources */,
				1CFEC7F3605656F740904989 /* (null) in Sources */,
			);
			runOnlyForDeploymentPostprocessing = 0;
		};
		003195EE2FF5F39A00A7163E /* Sources */ = {
			isa = PBXSourcesBuildPhase;
			buildActionMask = 2147483647;
			files = (
			);
			runOnlyForDeploymentPostprocessing = 0;
		};
/* End PBXSourcesBuildPhase section */

/* Begin PBXTargetDependency section */
		003195F52FF5F39A00A7163E /* PBXTargetDependency */ = {
			isa = PBXTargetDependency;
			target = 003195F12FF5F39A00A7163E /* Hapticle Watch App */;
			targetProxy = 003195F42FF5F39A00A7163E /* PBXContainerItemProxy */;
		};
/* End PBXTargetDependency section */

/* Begin XCBuildConfiguration section */
		003195FD2FF5F39B00A7163E /* Debug */ = {
			isa = XCBuildConfiguration;
			buildSettings = {
				ALWAYS_SEARCH_USER_PATHS = NO;
				ASSETCATALOG_COMPILER_GENERATE_SWIFT_ASSET_SYMBOL_EXTENSIONS = YES;
				CLANG_ANALYZER_NONNULL = YES;
				CLANG_ANALYZER_NUMBER_OBJECT_CONVERSION = YES_AGGRESSIVE;
				CLANG_CXX_LANGUAGE_STANDARD = "gnu++20";
				CLANG_ENABLE_MODULES = YES;
				CLANG_ENABLE_OBJC_ARC = YES;
				CLANG_ENABLE_OBJC_WEAK = YES;
				CLANG_WARN_BLOCK_CAPTURE_AUTORELEASING = YES;
				CLANG_WARN_BOOL_CONVERSION = YES;
				CLANG_WARN_COMMA = YES;
				CLANG_WARN_CONSTANT_CONVERSION = YES;
				CLANG_WARN_DEPRECATED_OBJC_IMPLEMENTATIONS = YES;
				CLANG_WARN_DIRECT_OBJC_ISA_USAGE = YES_ERROR;
				CLANG_WARN_DOCUMENTATION_COMMENTS = YES;
				CLANG_WARN_EMPTY_BODY = YES;
				CLANG_WARN_ENUM_CONVERSION = YES;
				CLANG_WARN_INFINITE_RECURSION = YES;
				CLANG_WARN_INT_CONVERSION = YES;
				CLANG_WARN_NON_LITERAL_NULL_CONVERSION = YES;
				CLANG_WARN_OBJC_IMPLICIT_RETAIN_SELF = YES;
				CLANG_WARN_OBJC_LITERAL_CONVERSION = YES;
				CLANG_WARN_OBJC_ROOT_CLASS = YES_ERROR;
				CLANG_WARN_QUOTED_INCLUDE_IN_FRAMEWORK_HEADER = YES;
				CLANG_WARN_RANGE_LOOP_ANALYSIS = YES;
				CLANG_WARN_STRICT_PROTOTYPES = YES;
				CLANG_WARN_SUSPICIOUS_MOVE = YES;
				CLANG_WARN_UNGUARDED_AVAILABILITY = YES_AGGRESSIVE;
				CLANG_WARN_UNREACHABLE_CODE = YES;
				CLANG_WARN__DUPLICATE_METHOD_MATCH = YES;
				COPY_PHASE_STRIP = NO;
				DEBUG_INFORMATION_FORMAT = dwarf;
				DEVELOPMENT_TEAM = DQK6W7R7J7;
				ENABLE_STRICT_OBJC_MSGSEND = YES;
				ENABLE_TESTABILITY = YES;
				ENABLE_USER_SCRIPT_SANDBOXING = YES;
				GCC_C_LANGUAGE_STANDARD = gnu17;
				GCC_DYNAMIC_NO_PIC = NO;
				GCC_NO_COMMON_BLOCKS = YES;
				GCC_OPTIMIZATION_LEVEL = 0;
				GCC_PREPROCESSOR_DEFINITIONS = (
					"DEBUG=1",
					"$(inherited)",
				);
				GCC_WARN_64_TO_32_BIT_CONVERSION = YES;
				GCC_WARN_ABOUT_RETURN_TYPE = YES_ERROR;
				GCC_WARN_UNDECLARED_SELECTOR = YES;
				GCC_WARN_UNINITIALIZED_AUTOS = YES_AGGRESSIVE;
				GCC_WARN_UNUSED_FUNCTION = YES;
				GCC_WARN_UNUSED_VARIABLE = YES;
				LOCALIZATION_PREFERS_STRING_CATALOGS = YES;
				MTL_ENABLE_DEBUG_INFO = INCLUDE_SOURCE;
				MTL_FAST_MATH = YES;
				ONLY_ACTIVE_ARCH = YES;
				SWIFT_ACTIVE_COMPILATION_CONDITIONS = "DEBUG $(inherited)";
				SWIFT_OPTIMIZATION_LEVEL = "-Onone";
			};
			name = Debug;
		};
		003195FE2FF5F39B00A7163E /* Release */ = {
			isa = XCBuildConfiguration;
			buildSettings = {
				ALWAYS_SEARCH_USER_PATHS = NO;
				ASSETCATALOG_COMPILER_GENERATE_SWIFT_ASSET_SYMBOL_EXTENSIONS = YES;
				CLANG_ANALYZER_NONNULL = YES;
				CLANG_ANALYZER_NUMBER_OBJECT_CONVERSION = YES_AGGRESSIVE;
				CLANG_CXX_LANGUAGE_STANDARD = "gnu++20";
				CLANG_ENABLE_MODULES = YES;
				CLANG_ENABLE_OBJC_ARC = YES;
				CLANG_ENABLE_OBJC_WEAK = YES;
				CLANG_WARN_BLOCK_CAPTURE_AUTORELEASING = YES;
				CLANG_WARN_BOOL_CONVERSION = YES;
				CLANG_WARN_COMMA = YES;
				CLANG_WARN_CONSTANT_CONVERSION = YES;
				CLANG_WARN_DEPRECATED_OBJC_IMPLEMENTATIONS = YES;
				CLANG_WARN_DIRECT_OBJC_ISA_USAGE = YES_ERROR;
				CLANG_WARN_DOCUMENTATION_COMMENTS = YES;
				CLANG_WARN_EMPTY_BODY = YES;
				CLANG_WARN_ENUM_CONVERSION = YES;
				CLANG_WARN_INFINITE_RECURSION = YES;
				CLANG_WARN_INT_CONVERSION = YES;
				CLANG_WARN_NON_LITERAL_NULL_CONVERSION = YES;
				CLANG_WARN_OBJC_IMPLICIT_RETAIN_SELF = YES;
				CLANG_WARN_OBJC_LITERAL_CONVERSION = YES;
				CLANG_WARN_OBJC_ROOT_CLASS = YES_ERROR;
				CLANG_WARN_QUOTED_INCLUDE_IN_FRAMEWORK_HEADER = YES;
				CLANG_WARN_RANGE_LOOP_ANALYSIS = YES;
				CLANG_WARN_STRICT_PROTOTYPES = YES;
				CLANG_WARN_SUSPICIOUS_MOVE = YES;
				CLANG_WARN_UNGUARDED_AVAILABILITY = YES_AGGRESSIVE;
				CLANG_WARN_UNREACHABLE_CODE = YES;
				CLANG_WARN__DUPLICATE_METHOD_MATCH = YES;
				COPY_PHASE_STRIP = NO;
				DEBUG_INFORMATION_FORMAT = "dwarf-with-dsym";
				DEVELOPMENT_TEAM = DQK6W7R7J7;
				ENABLE_NS_ASSERTIONS = NO;
				ENABLE_STRICT_OBJC_MSGSEND = YES;
				ENABLE_USER_SCRIPT_SANDBOXING = YES;
				GCC_C_LANGUAGE_STANDARD = gnu17;
				GCC_NO_COMMON_BLOCKS = YES;
				GCC_WARN_64_TO_32_BIT_CONVERSION = YES;
				GCC_WARN_ABOUT_RETURN_TYPE = YES_ERROR;
				GCC_WARN_UNDECLARED_SELECTOR = YES;
				GCC_WARN_UNINITIALIZED_AUTOS = YES_AGGRESSIVE;
				GCC_WARN_UNUSED_FUNCTION = YES;
				GCC_WARN_UNUSED_VARIABLE = YES;
				LOCALIZATION_PREFERS_STRING_CATALOGS = YES;
				MTL_ENABLE_DEBUG_INFO = NO;
				MTL_FAST_MATH = YES;
				SWIFT_COMPILATION_MODE = wholemodule;
			};
			name = Release;
		};
		003196002FF5F39B00A7163E /* Debug */ = {
			isa = XCBuildConfiguration;
			buildSettings = {
				ASSETCATALOG_COMPILER_APPICON_NAME = AppIcon;
				ASSETCATALOG_COMPILER_GLOBAL_ACCENT_COLOR_NAME = AccentColor;
				CODE_SIGN_STYLE = Automatic;
				CURRENT_PROJECT_VERSION = 1;
				DEVELOPMENT_TEAM = N8Y7P4HS74;
				ENABLE_PREVIEWS = YES;
				GENERATE_INFOPLIST_FILE = YES;
				INFOPLIST_KEY_CFBundleDisplayName = Hapticle;
				INFOPLIST_KEY_UISupportedInterfaceOrientations = "UIInterfaceOrientationPortrait UIInterfaceOrientationPortraitUpsideDown";
				INFOPLIST_KEY_WKCompanionAppBundleIdentifier = com.Hapticle;
				LD_RUNPATH_SEARCH_PATHS = (
					"$(inherited)",
					"@executable_path/Frameworks",
				);
				MARKETING_VERSION = 1.0;
				PRODUCT_BUNDLE_IDENTIFIER = com.Hapticle.watchkitapp;
				PRODUCT_NAME = "$(TARGET_NAME)";
				SDKROOT = watchos;
				SKIP_INSTALL = YES;
				STRING_CATALOG_GENERATE_SYMBOLS = YES;
				SWIFT_APPROACHABLE_CONCURRENCY = YES;
				SWIFT_DEFAULT_ACTOR_ISOLATION = MainActor;
				SWIFT_EMIT_LOC_STRINGS = YES;
				SWIFT_UPCOMING_FEATURE_MEMBER_IMPORT_VISIBILITY = YES;
				SWIFT_VERSION = 5.0;
				TARGETED_DEVICE_FAMILY = 4;
				WATCHOS_DEPLOYMENT_TARGET = 26.0;
			};
			name = Debug;
		};
		003196012FF5F39B00A7163E /* Release */ = {
			isa = XCBuildConfiguration;
			buildSettings = {
				ASSETCATALOG_COMPILER_APPICON_NAME = AppIcon;
				ASSETCATALOG_COMPILER_GLOBAL_ACCENT_COLOR_NAME = AccentColor;
				CODE_SIGN_STYLE = Automatic;
				CURRENT_PROJECT_VERSION = 1;
				DEVELOPMENT_TEAM = N8Y7P4HS74;
				ENABLE_PREVIEWS = YES;
				GENERATE_INFOPLIST_FILE = YES;
				INFOPLIST_KEY_CFBundleDisplayName = Hapticle;
				INFOPLIST_KEY_UISupportedInterfaceOrientations = "UIInterfaceOrientationPortrait UIInterfaceOrientationPortraitUpsideDown";
				INFOPLIST_KEY_WKCompanionAppBundleIdentifier = com.Hapticle;
				LD_RUNPATH_SEARCH_PATHS = (
					"$(inherited)",
					"@executable_path/Frameworks",
				);
				MARKETING_VERSION = 1.0;
				PRODUCT_BUNDLE_IDENTIFIER = com.Hapticle.watchkitapp;
				PRODUCT_NAME = "$(TARGET_NAME)";
				SDKROOT = watchos;
				SKIP_INSTALL = YES;
				STRING_CATALOG_GENERATE_SYMBOLS = YES;
				SWIFT_APPROACHABLE_CONCURRENCY = YES;
				SWIFT_DEFAULT_ACTOR_ISOLATION = MainActor;
				SWIFT_EMIT_LOC_STRINGS = YES;
				SWIFT_UPCOMING_FEATURE_MEMBER_IMPORT_VISIBILITY = YES;
				SWIFT_VERSION = 5.0;
				TARGETED_DEVICE_FAMILY = 4;
				VALIDATE_PRODUCT = YES;
				WATCHOS_DEPLOYMENT_TARGET = 26.0;
			};
			name = Release;
		};
		003196042FF5F39B00A7163E /* Debug */ = {
			isa = XCBuildConfiguration;
			buildSettings = {
				ASSETCATALOG_COMPILER_APPICON_NAME = AppIcon;
				ASSETCATALOG_COMPILER_GLOBAL_ACCENT_COLOR_NAME = AccentColor;
				CODE_SIGN_STYLE = Automatic;
				CURRENT_PROJECT_VERSION = 1;
				DEVELOPMENT_TEAM = N8Y7P4HS74;
				ENABLE_PREVIEWS = YES;
				GENERATE_INFOPLIST_FILE = YES;
				INFOPLIST_KEY_CFBundleDisplayName = Hapticle;
				INFOPLIST_KEY_UIApplicationSceneManifest_Generation = YES;
				INFOPLIST_KEY_UIApplicationSupportsIndirectInputEvents = YES;
				INFOPLIST_KEY_UILaunchScreen_Generation = YES;
				INFOPLIST_KEY_UIStatusBarStyle = "";
				INFOPLIST_KEY_UISupportedInterfaceOrientations_iPad = "UIInterfaceOrientationPortrait UIInterfaceOrientationPortraitUpsideDown UIInterfaceOrientationLandscapeLeft UIInterfaceOrientationLandscapeRight";
				INFOPLIST_KEY_UISupportedInterfaceOrientations_iPhone = "UIInterfaceOrientationPortrait UIInterfaceOrientationLandscapeLeft UIInterfaceOrientationLandscapeRight";
				IPHONEOS_DEPLOYMENT_TARGET = 26.0;
				LD_RUNPATH_SEARCH_PATHS = (
					"$(inherited)",
					"@executable_path/Frameworks",
				);
				MARKETING_VERSION = 1.0;
				PRODUCT_BUNDLE_IDENTIFIER = com.Hapticle;
				PRODUCT_NAME = "$(TARGET_NAME)";
				SDKROOT = iphoneos;
				STRING_CATALOG_GENERATE_SYMBOLS = YES;
				SWIFT_APPROACHABLE_CONCURRENCY = YES;
				SWIFT_DEFAULT_ACTOR_ISOLATION = MainActor;
				SWIFT_EMIT_LOC_STRINGS = YES;
				SWIFT_UPCOMING_FEATURE_MEMBER_IMPORT_VISIBILITY = YES;
				SWIFT_VERSION = 5.0;
				TARGETED_DEVICE_FAMILY = "1,2";
			};
			name = Debug;
		};
		003196052FF5F39B00A7163E /* Release */ = {
			isa = XCBuildConfiguration;
			buildSettings = {
				ASSETCATALOG_COMPILER_APPICON_NAME = AppIcon;
				ASSETCATALOG_COMPILER_GLOBAL_ACCENT_COLOR_NAME = AccentColor;
				CODE_SIGN_STYLE = Automatic;
				CURRENT_PROJECT_VERSION = 1;
				DEVELOPMENT_TEAM = N8Y7P4HS74;
				ENABLE_PREVIEWS = YES;
				GENERATE_INFOPLIST_FILE = YES;
				INFOPLIST_KEY_CFBundleDisplayName = Hapticle;
				INFOPLIST_KEY_UIApplicationSceneManifest_Generation = YES;
				INFOPLIST_KEY_UIApplicationSupportsIndirectInputEvents = YES;
				INFOPLIST_KEY_UILaunchScreen_Generation = YES;
				INFOPLIST_KEY_UIStatusBarStyle = "";
				INFOPLIST_KEY_UISupportedInterfaceOrientations_iPad = "UIInterfaceOrientationPortrait UIInterfaceOrientationPortraitUpsideDown UIInterfaceOrientationLandscapeLeft UIInterfaceOrientationLandscapeRight";
				INFOPLIST_KEY_UISupportedInterfaceOrientations_iPhone = "UIInterfaceOrientationPortrait UIInterfaceOrientationLandscapeLeft UIInterfaceOrientationLandscapeRight";
				IPHONEOS_DEPLOYMENT_TARGET = 26.0;
				LD_RUNPATH_SEARCH_PATHS = (
					"$(inherited)",
					"@executable_path/Frameworks",
				);
				MARKETING_VERSION = 1.0;
				PRODUCT_BUNDLE_IDENTIFIER = com.Hapticle;
				PRODUCT_NAME = "$(TARGET_NAME)";
				SDKROOT = iphoneos;
				STRING_CATALOG_GENERATE_SYMBOLS = YES;
				SWIFT_APPROACHABLE_CONCURRENCY = YES;
				SWIFT_DEFAULT_ACTOR_ISOLATION = MainActor;
				SWIFT_EMIT_LOC_STRINGS = YES;
				SWIFT_UPCOMING_FEATURE_MEMBER_IMPORT_VISIBILITY = YES;
				SWIFT_VERSION = 5.0;
				TARGETED_DEVICE_FAMILY = "1,2";
				VALIDATE_PRODUCT = YES;
			};
			name = Release;
		};
/* End XCBuildConfiguration section */

/* Begin XCConfigurationList section */
		003195E02FF5F39900A7163E /* Build configuration list for PBXProject "Hapticle" */ = {
			isa = XCConfigurationList;
			buildConfigurations = (
				003195FD2FF5F39B00A7163E /* Debug */,
				003195FE2FF5F39B00A7163E /* Release */,
			);
			defaultConfigurationIsVisible = 0;
			defaultConfigurationName = Release;
		};
		003195FF2FF5F39B00A7163E /* Build configuration list for PBXNativeTarget "Hapticle Watch App" */ = {
			isa = XCConfigurationList;
			buildConfigurations = (
				003196002FF5F39B00A7163E /* Debug */,
				003196012FF5F39B00A7163E /* Release */,
			);
			defaultConfigurationIsVisible = 0;
			defaultConfigurationName = Release;
		};
		003196032FF5F39B00A7163E /* Build configuration list for PBXNativeTarget "Hapticle" */ = {
			isa = XCConfigurationList;
			buildConfigurations = (
				003196042FF5F39B00A7163E /* Debug */,
				003196052FF5F39B00A7163E /* Release */,
			);
			defaultConfigurationIsVisible = 0;
			defaultConfigurationName = Release;
		};
/* End XCConfigurationList section */
	};
	rootObject = 003195DD2FF5F39900A7163E /* Project object */;
}
